
Microsoft Visual Studio Solution File, Format Version 12.00
# Visual Studio Version 16
VisualStudioVersion = 16.0.31005.135
MinimumVisualStudioVersion = 10.0.40219.1
Project("{8BC9CEB8-8B4A-11D0-8D11-00A0C91BC942}") = "CamerasTest", "CamerasTest.vcxproj", "{F908FCF2-A2CC-4151-A2ED-6998B12767DE}"
	ProjectSection(ProjectDependencies) = postProject
		{3A30910A-5941-4031-AFEA-3072818241AE} = {3A30910A-5941-4031-AFEA-3072818241AE}
		{94A07021-801F-46FE-AC4D-D069917477F7} = {94A07021-801F-46FE-AC4D-D069917477F7}
		{DCF18729-13AB-4A75-BE28-058D67EE510D} = {DCF18729-13AB-4A75-BE28-058D67EE510D}
		{50E26754-9936-4324-A799-7C4BC8B5C156} = {50E26754-9936-4324-A799-7C4BC8B5C156}
		{FBA27963-E2E3-410F-911B-41AAE6FC49D3} = {FBA27963-E2E3-410F-911B-41AAE6FC49D3}
		{935A246E-F320-4894-A19E-2DB13A1DA588} = {935A246E-F320-4894-A19E-2DB13A1DA588}
		{4E5A5591-AA3A-45D5-BD07-9094E05F7967} = {4E5A5591-AA3A-45D5-BD07-9094E05F7967}
		{6D93B698-19E7-4874-B7BA-E59C0FFD384F} = {6D93B698-19E7-4874-B7BA-E59C0FFD384F}
		{7BBCED9E-305E-436A-B4B1-46140358EC2B} = {7BBCED9E-305E-436A-B4B1-46140358EC2B}
		{BD555EC5-7FFD-467A-87D3-59526F75E736} = {BD555EC5-7FFD-467A-87D3-59526F75E736}
		{A965CDFA-F9E1-4D76-976B-E129992D991C} = {A965CDFA-F9E1-4D76-976B-E129992D991C}
	EndProjectSection
EndProject
Project("{8BC9CEB8-8B4A-11D0-8D11-00A0C91BC942}") = "CameraInterface", "..\CameraInterface\CameraInterface.vcxproj", "{94A07021-801F-46FE-AC4D-D069917477F7}"
EndProject
Project("{8BC9CEB8-8B4A-11D0-8D11-00A0C91BC942}") = "RealSenseBase", "..\RealSenseBase\RealSenseBase.vcxproj", "{BD555EC5-7FFD-467A-87D3-59526F75E736}"
	ProjectSection(ProjectDependencies) = postProject
		{94A07021-801F-46FE-AC4D-D069917477F7} = {94A07021-801F-46FE-AC4D-D069917477F7}
	EndProjectSection
EndProject
Project("{8BC9CEB8-8B4A-11D0-8D11-00A0C91BC942}") = "RealSense_L515", "..\RealSense_L515\RealSense_L515.vcxproj", "{A965CDFA-F9E1-4D76-976B-E129992D991C}"
	ProjectSection(ProjectDependencies) = postProject
		{94A07021-801F-46FE-AC4D-D069917477F7} = {94A07021-801F-46FE-AC4D-D069917477F7}
		{BD555EC5-7FFD-467A-87D3-59526F75E736} = {BD555EC5-7FFD-467A-87D3-59526F75E736}
	EndProjectSection
EndProject
Project("{8BC9CEB8-8B4A-11D0-8D11-00A0C91BC942}") = "RealSense_D435", "..\RealSense_D435\RealSense_D435.vcxproj", "{6D93B698-19E7-4874-B7BA-E59C0FFD384F}"
	ProjectSection(ProjectDependencies) = postProject
		{94A07021-801F-46FE-AC4D-D069917477F7} = {94A07021-801F-46FE-AC4D-D069917477F7}
		{BD555EC5-7FFD-467A-87D3-59526F75E736} = {BD555EC5-7FFD-467A-87D3-59526F75E736}
	EndProjectSection
EndProject
Project("{8BC9CEB8-8B4A-11D0-8D11-00A0C91BC942}") = "RealSense_D455", "..\RealSense_D455\RealSense_D455.vcxproj", "{FBA27963-E2E3-410F-911B-41AAE6FC49D3}"
	ProjectSection(ProjectDependencies) = postProject
		{94A07021-801F-46FE-AC4D-D069917477F7} = {94A07021-801F-46FE-AC4D-D069917477F7}
		{BD555EC5-7FFD-467A-87D3-59526F75E736} = {BD555EC5-7FFD-467A-87D3-59526F75E736}
	EndProjectSection
EndProject
Project("{8BC9CEB8-8B4A-11D0-8D11-00A0C91BC942}") = "CamerasManagement", "..\CamerasManagement\CamerasManagement.vcxproj", "{3A30910A-5941-4031-AFEA-3072818241AE}"
	ProjectSection(ProjectDependencies) = postProject
		{94A07021-801F-46FE-AC4D-D069917477F7} = {94A07021-801F-46FE-AC4D-D069917477F7}
		{FBA27963-E2E3-410F-911B-41AAE6FC49D3} = {FBA27963-E2E3-410F-911B-41AAE6FC49D3}
		{6D93B698-19E7-4874-B7BA-E59C0FFD384F} = {6D93B698-19E7-4874-B7BA-E59C0FFD384F}
		{BD555EC5-7FFD-467A-87D3-59526F75E736} = {BD555EC5-7FFD-467A-87D3-59526F75E736}
		{A965CDFA-F9E1-4D76-976B-E129992D991C} = {A965CDFA-F9E1-4D76-976B-E129992D991C}
	EndProjectSection
EndProject
Project("{2150E333-8FDC-42A3-9474-1A3956D46DE8}") = "RealSense", "RealSense", "{C80EBE14-BA58-4FD0-A09F-065D96470CFF}"
EndProject
Project("{2150E333-8FDC-42A3-9474-1A3956D46DE8}") = "DLLs", "DLLs", "{FBE60730-E9A1-4AA0-A1E7-CD2995C47321}"
EndProject
Project("{8BC9CEB8-8B4A-11D0-8D11-00A0C91BC942}") = "RealSense_L515_DLL", "..\RealSense_L515_DLL\RealSense_L515_DLL.vcxproj", "{DCF18729-13AB-4A75-BE28-058D67EE510D}"
	ProjectSection(ProjectDependencies) = postProject
		{94A07021-801F-46FE-AC4D-D069917477F7} = {94A07021-801F-46FE-AC4D-D069917477F7}
		{BD555EC5-7FFD-467A-87D3-59526F75E736} = {BD555EC5-7FFD-467A-87D3-59526F75E736}
		{A965CDFA-F9E1-4D76-976B-E129992D991C} = {A965CDFA-F9E1-4D76-976B-E129992D991C}
	EndProjectSection
EndProject
Project("{8BC9CEB8-8B4A-11D0-8D11-00A0C91BC942}") = "RealSense_D455_DLL", "..\RealSense_D455_DLL\RealSense_D455_DLL.vcxproj", "{7BBCED9E-305E-436A-B4B1-46140358EC2B}"
	ProjectSection(ProjectDependencies) = postProject
		{94A07021-801F-46FE-AC4D-D069917477F7} = {94A07021-801F-46FE-AC4D-D069917477F7}
		{FBA27963-E2E3-410F-911B-41AAE6FC49D3} = {FBA27963-E2E3-410F-911B-41AAE6FC49D3}
		{BD555EC5-7FFD-467A-87D3-59526F75E736} = {BD555EC5-7FFD-467A-87D3-59526F75E736}
	EndProjectSection
EndProject
Project("{8BC9CEB8-8B4A-11D0-8D11-00A0C91BC942}") = "RealSense_D435_DLL", "..\RealSense_D435_DLL\RealSense_D435_DLL.vcxproj", "{50E26754-9936-4324-A799-7C4BC8B5C156}"
	ProjectSection(ProjectDependencies) = postProject
		{94A07021-801F-46FE-AC4D-D069917477F7} = {94A07021-801F-46FE-AC4D-D069917477F7}
		{6D93B698-19E7-4874-B7BA-E59C0FFD384F} = {6D93B698-19E7-4874-B7BA-E59C0FFD384F}
		{BD555EC5-7FFD-467A-87D3-59526F75E736} = {BD555EC5-7FFD-467A-87D3-59526F75E736}
	EndProjectSection
EndProject
Project("{8BC9CEB8-8B4A-11D0-8D11-00A0C91BC942}") = "CamerasManagement_DLL", "..\CamerasManagement_DLL\CamerasManagement_DLL.vcxproj", "{4E5A5591-AA3A-45D5-BD07-9094E05F7967}"
	ProjectSection(ProjectDependencies) = postProject
		{3A30910A-5941-4031-AFEA-3072818241AE} = {3A30910A-5941-4031-AFEA-3072818241AE}
		{94A07021-801F-46FE-AC4D-D069917477F7} = {94A07021-801F-46FE-AC4D-D069917477F7}
		{FBA27963-E2E3-410F-911B-41AAE6FC49D3} = {FBA27963-E2E3-410F-911B-41AAE6FC49D3}
		{935A246E-F320-4894-A19E-2DB13A1DA588} = {935A246E-F320-4894-A19E-2DB13A1DA588}
		{6D93B698-19E7-4874-B7BA-E59C0FFD384F} = {6D93B698-19E7-4874-B7BA-E59C0FFD384F}
		{BD555EC5-7FFD-467A-87D3-59526F75E736} = {BD555EC5-7FFD-467A-87D3-59526F75E736}
		{A965CDFA-F9E1-4D76-976B-E129992D991C} = {A965CDFA-F9E1-4D76-976B-E129992D991C}
	EndProjectSection
EndProject
Project("{8BC9CEB8-8B4A-11D0-8D11-00A0C91BC942}") = "CameraInterfaceDLL", "..\CameraInterfaceDLL\CameraInterfaceDLL.vcxproj", "{935A246E-F320-4894-A19E-2DB13A1DA588}"
	ProjectSection(ProjectDependencies) = postProject
		{94A07021-801F-46FE-AC4D-D069917477F7} = {94A07021-801F-46FE-AC4D-D069917477F7}
		{FBA27963-E2E3-410F-911B-41AAE6FC49D3} = {FBA27963-E2E3-410F-911B-41AAE6FC49D3}
		{6D93B698-19E7-4874-B7BA-E59C0FFD384F} = {6D93B698-19E7-4874-B7BA-E59C0FFD384F}
		{BD555EC5-7FFD-467A-87D3-59526F75E736} = {BD555EC5-7FFD-467A-87D3-59526F75E736}
		{A965CDFA-F9E1-4D76-976B-E129992D991C} = {A965CDFA-F9E1-4D76-976B-E129992D991C}
	EndProjectSection
EndProject
Global
	GlobalSection(SolutionConfigurationPlatforms) = preSolution
		Debug|x64 = Debug|x64
		Debug|x86 = Debug|x86
		Release|x64 = Release|x64
		Release|x86 = Release|x86
	EndGlobalSection
	GlobalSection(ProjectConfigurationPlatforms) = postSolution
		{F908FCF2-A2CC-4151-A2ED-6998B12767DE}.Debug|x64.ActiveCfg = Debug|x64
		{F908FCF2-A2CC-4151-A2ED-6998B12767DE}.Debug|x64.Build.0 = Debug|x64
		{F908FCF2-A2CC-4151-A2ED-6998B12767DE}.Debug|x86.ActiveCfg = Debug|Win32
		{F908FCF2-A2CC-4151-A2ED-6998B12767DE}.Debug|x86.Build.0 = Debug|Win32
		{F908FCF2-A2CC-4151-A2ED-6998B12767DE}.Release|x64.ActiveCfg = Release|x64
		{F908FCF2-A2CC-4151-A2ED-6998B12767DE}.Release|x64.Build.0 = Release|x64
		{F908FCF2-A2CC-4151-A2ED-6998B12767DE}.Release|x86.ActiveCfg = Release|Win32
		{F908FCF2-A2CC-4151-A2ED-6998B12767DE}.Release|x86.Build.0 = Release|Win32
		{94A07021-801F-46FE-AC4D-D069917477F7}.Debug|x64.ActiveCfg = Debug|x64
		{94A07021-801F-46FE-AC4D-D069917477F7}.Debug|x64.Build.0 = Debug|x64
		{94A07021-801F-46FE-AC4D-D069917477F7}.Debug|x86.ActiveCfg = Debug|Win32
		{94A07021-801F-46FE-AC4D-D069917477F7}.Debug|x86.Build.0 = Debug|Win32
		{94A07021-801F-46FE-AC4D-D069917477F7}.Release|x64.ActiveCfg = Release|x64
		{94A07021-801F-46FE-AC4D-D069917477F7}.Release|x64.Build.0 = Release|x64
		{94A07021-801F-46FE-AC4D-D069917477F7}.Release|x86.ActiveCfg = Release|Win32
		{94A07021-801F-46FE-AC4D-D069917477F7}.Release|x86.Build.0 = Release|Win32
		{BD555EC5-7FFD-467A-87D3-59526F75E736}.Debug|x64.ActiveCfg = Debug|x64
		{BD555EC5-7FFD-467A-87D3-59526F75E736}.Debug|x64.Build.0 = Debug|x64
		{BD555EC5-7FFD-467A-87D3-59526F75E736}.Debug|x86.ActiveCfg = Debug|Win32
		{BD555EC5-7FFD-467A-87D3-59526F75E736}.Debug|x86.Build.0 = Debug|Win32
		{BD555EC5-7FFD-467A-87D3-59526F75E736}.Release|x64.ActiveCfg = Release|x64
		{BD555EC5-7FFD-467A-87D3-59526F75E736}.Release|x64.Build.0 = Release|x64
		{BD555EC5-7FFD-467A-87D3-59526F75E736}.Release|x86.ActiveCfg = Release|Win32
		{BD555EC5-7FFD-467A-87D3-59526F75E736}.Release|x86.Build.0 = Release|Win32
		{A965CDFA-F9E1-4D76-976B-E129992D991C}.Debug|x64.ActiveCfg = Debug|x64
		{A965CDFA-F9E1-4D76-976B-E129992D991C}.Debug|x64.Build.0 = Debug|x64
		{A965CDFA-F9E1-4D76-976B-E129992D991C}.Debug|x86.ActiveCfg = Debug|Win32
		{A965CDFA-F9E1-4D76-976B-E129992D991C}.Debug|x86.Build.0 = Debug|Win32
		{A965CDFA-F9E1-4D76-976B-E129992D991C}.Release|x64.ActiveCfg = Release|x64
		{A965CDFA-F9E1-4D76-976B-E129992D991C}.Release|x64.Build.0 = Release|x64
		{A965CDFA-F9E1-4D76-976B-E129992D991C}.Release|x86.ActiveCfg = Release|Win32
		{A965CDFA-F9E1-4D76-976B-E129992D991C}.Release|x86.Build.0 = Release|Win32
		{6D93B698-19E7-4874-B7BA-E59C0FFD384F}.Debug|x64.ActiveCfg = Debug|x64
		{6D93B698-19E7-4874-B7BA-E59C0FFD384F}.Debug|x64.Build.0 = Debug|x64
		{6D93B698-19E7-4874-B7BA-E59C0FFD384F}.Debug|x86.ActiveCfg = Debug|Win32
		{6D93B698-19E7-4874-B7BA-E59C0FFD384F}.Debug|x86.Build.0 = Debug|Win32
		{6D93B698-19E7-4874-B7BA-E59C0FFD384F}.Release|x64.ActiveCfg = Release|x64
		{6D93B698-19E7-4874-B7BA-E59C0FFD384F}.Release|x64.Build.0 = Release|x64
		{6D93B698-19E7-4874-B7BA-E59C0FFD384F}.Release|x86.ActiveCfg = Release|Win32
		{6D93B698-19E7-4874-B7BA-E59C0FFD384F}.Release|x86.Build.0 = Release|Win32
		{FBA27963-E2E3-410F-911B-41AAE6FC49D3}.Debug|x64.ActiveCfg = Debug|x64
		{FBA27963-E2E3-410F-911B-41AAE6FC49D3}.Debug|x64.Build.0 = Debug|x64
		{FBA27963-E2E3-410F-911B-41AAE6FC49D3}.Debug|x86.ActiveCfg = Debug|Win32
		{FBA27963-E2E3-410F-911B-41AAE6FC49D3}.Debug|x86.Build.0 = Debug|Win32
		{FBA27963-E2E3-410F-911B-41AAE6FC49D3}.Release|x64.ActiveCfg = Release|x64
		{FBA27963-E2E3-410F-911B-41AAE6FC49D3}.Release|x64.Build.0 = Release|x64
		{FBA27963-E2E3-410F-911B-41AAE6FC49D3}.Release|x86.ActiveCfg = Release|Win32
		{FBA27963-E2E3-410F-911B-41AAE6FC49D3}.Release|x86.Build.0 = Release|Win32
		{3A30910A-5941-4031-AFEA-3072818241AE}.Debug|x64.ActiveCfg = Debug|x64
		{3A30910A-5941-4031-AFEA-3072818241AE}.Debug|x64.Build.0 = Debug|x64
		{3A30910A-5941-4031-AFEA-3072818241AE}.Debug|x86.ActiveCfg = Debug|Win32
		{3A30910A-5941-4031-AFEA-3072818241AE}.Debug|x86.Build.0 = Debug|Win32
		{3A30910A-5941-4031-AFEA-3072818241AE}.Release|x64.ActiveCfg = Release|x64
		{3A30910A-5941-4031-AFEA-3072818241AE}.Release|x64.Build.0 = Release|x64
		{3A30910A-5941-4031-AFEA-3072818241AE}.Release|x86.ActiveCfg = Release|Win32
		{3A30910A-5941-4031-AFEA-3072818241AE}.Release|x86.Build.0 = Release|Win32
		{DCF18729-13AB-4A75-BE28-058D67EE510D}.Debug|x64.ActiveCfg = Debug|x64
		{DCF18729-13AB-4A75-BE28-058D67EE510D}.Debug|x64.Build.0 = Debug|x64
		{DCF18729-13AB-4A75-BE28-058D67EE510D}.Debug|x86.ActiveCfg = Debug|Win32
		{DCF18729-13AB-4A75-BE28-058D67EE510D}.Debug|x86.Build.0 = Debug|Win32
		{DCF18729-13AB-4A75-BE28-058D67EE510D}.Release|x64.ActiveCfg = Release|x64
		{DCF18729-13AB-4A75-BE28-058D67EE510D}.Release|x64.Build.0 = Release|x64
		{DCF18729-13AB-4A75-BE28-058D67EE510D}.Release|x86.ActiveCfg = Release|Win32
		{DCF18729-13AB-4A75-BE28-058D67EE510D}.Release|x86.Build.0 = Release|Win32
		{7BBCED9E-305E-436A-B4B1-46140358EC2B}.Debug|x64.ActiveCfg = Debug|x64
		{7BBCED9E-305E-436A-B4B1-46140358EC2B}.Debug|x64.Build.0 = Debug|x64
		{7BBCED9E-305E-436A-B4B1-46140358EC2B}.Debug|x86.ActiveCfg = Debug|Win32
		{7BBCED9E-305E-436A-B4B1-46140358EC2B}.Debug|x86.Build.0 = Debug|Win32
		{7BBCED9E-305E-436A-B4B1-46140358EC2B}.Release|x64.ActiveCfg = Release|x64
		{7BBCED9E-305E-436A-B4B1-46140358EC2B}.Release|x64.Build.0 = Release|x64
		{7BBCED9E-305E-436A-B4B1-46140358EC2B}.Release|x86.ActiveCfg = Release|Win32
		{7BBCED9E-305E-436A-B4B1-46140358EC2B}.Release|x86.Build.0 = Release|Win32
		{50E26754-9936-4324-A799-7C4BC8B5C156}.Debug|x64.ActiveCfg = Debug|x64
		{50E26754-9936-4324-A799-7C4BC8B5C156}.Debug|x64.Build.0 = Debug|x64
		{50E26754-9936-4324-A799-7C4BC8B5C156}.Debug|x86.ActiveCfg = Debug|Win32
		{50E26754-9936-4324-A799-7C4BC8B5C156}.Debug|x86.Build.0 = Debug|Win32
		{50E26754-9936-4324-A799-7C4BC8B5C156}.Release|x64.ActiveCfg = Release|x64
		{50E26754-9936-4324-A799-7C4BC8B5C156}.Release|x64.Build.0 = Release|x64
		{50E26754-9936-4324-A799-7C4BC8B5C156}.Release|x86.ActiveCfg = Release|Win32
		{50E26754-9936-4324-A799-7C4BC8B5C156}.Release|x86.Build.0 = Release|Win32
		{4E5A5591-AA3A-45D5-BD07-9094E05F7967}.Debug|x64.ActiveCfg = Debug|x64
		{4E5A5591-AA3A-45D5-BD07-9094E05F7967}.Debug|x64.Build.0 = Debug|x64
		{4E5A5591-AA3A-45D5-BD07-9094E05F7967}.Debug|x86.ActiveCfg = Debug|Win32
		{4E5A5591-AA3A-45D5-BD07-9094E05F7967}.Debug|x86.Build.0 = Debug|Win32
		{4E5A5591-AA3A-45D5-BD07-9094E05F7967}.Release|x64.ActiveCfg = Release|x64
		{4E5A5591-AA3A-45D5-BD07-9094E05F7967}.Release|x64.Build.0 = Release|x64
		{4E5A5591-AA3A-45D5-BD07-9094E05F7967}.Release|x86.ActiveCfg = Release|Win32
		{4E5A5591-AA3A-45D5-BD07-9094E05F7967}.Release|x86.Build.0 = Release|Win32
		{935A246E-F320-4894-A19E-2DB13A1DA588}.Debug|x64.ActiveCfg = Debug|x64
		{935A246E-F320-4894-A19E-2DB13A1DA588}.Debug|x64.Build.0 = Debug|x64
		{935A246E-F320-4894-A19E-2DB13A1DA588}.Debug|x86.ActiveCfg = Debug|Win32
		{935A246E-F320-4894-A19E-2DB13A1DA588}.Debug|x86.Build.0 = Debug|Win32
		{935A246E-F320-4894-A19E-2DB13A1DA588}.Release|x64.ActiveCfg = Release|x64
		{935A246E-F320-4894-A19E-2DB13A1DA588}.Release|x64.Build.0 = Release|x64
		{935A246E-F320-4894-A19E-2DB13A1DA588}.Release|x86.ActiveCfg = Release|Win32
		{935A246E-F320-4894-A19E-2DB13A1DA588}.Release|x86.Build.0 = Release|Win32
	EndGlobalSection
	GlobalSection(SolutionProperties) = preSolution
		HideSolutionNode = FALSE
	EndGlobalSection
	GlobalSection(NestedProjects) = preSolution
		{BD555EC5-7FFD-467A-87D3-59526F75E736} = {C80EBE14-BA58-4FD0-A09F-065D96470CFF}
		{A965CDFA-F9E1-4D76-976B-E129992D991C} = {C80EBE14-BA58-4FD0-A09F-065D96470CFF}
		{6D93B698-19E7-4874-B7BA-E59C0FFD384F} = {C80EBE14-BA58-4FD0-A09F-065D96470CFF}
		{FBA27963-E2E3-410F-911B-41AAE6FC49D3} = {C80EBE14-BA58-4FD0-A09F-065D96470CFF}
		{DCF18729-13AB-4A75-BE28-058D67EE510D} = {FBE60730-E9A1-4AA0-A1E7-CD2995C47321}
		{7BBCED9E-305E-436A-B4B1-46140358EC2B} = {FBE60730-E9A1-4AA0-A1E7-CD2995C47321}
		{50E26754-9936-4324-A799-7C4BC8B5C156} = {FBE60730-E9A1-4AA0-A1E7-CD2995C47321}
		{4E5A5591-AA3A-45D5-BD07-9094E05F7967} = {FBE60730-E9A1-4AA0-A1E7-CD2995C47321}
		{935A246E-F320-4894-A19E-2DB13A1DA588} = {FBE60730-E9A1-4AA0-A1E7-CD2995C47321}
	EndGlobalSection
	GlobalSection(ExtensibilityGlobals) = postSolution
		SolutionGuid = {57067059-4372-45B0-A215-FC27359E71AB}
	EndGlobalSection
EndGlobal
