
Microsoft Visual Studio Solution File, Format Version 12.00
# Visual Studio Version 16
VisualStudioVersion = 16.0.31005.135
MinimumVisualStudioVersion = 10.0.40219.1
Project("{FAE04EC0-301F-11D3-BF4B-00C04F79EFBC}") = "API", "API.csproj", "{5017F9BE-F887-4A8D-AFB1-008AB1B08EB0}"
EndProject
Global
	GlobalSection(SolutionConfigurationPlatforms) = preSolution
		Debug|Any CPU = Debug|Any CPU
		Release|Any CPU = Release|Any CPU
	EndGlobalSection
	GlobalSection(ProjectConfigurationPlatforms) = postSolution
		{5017F9BE-F887-4A8D-AFB1-008AB1B08EB0}.Debug|Any CPU.ActiveCfg = Debug|Any CPU
		{5017F9BE-F887-4A8D-AFB1-008AB1B08EB0}.Debug|Any CPU.Build.0 = Debug|Any CPU
		{5017F9BE-F887-4A8D-AFB1-008AB1B08EB0}.Release|Any CPU.ActiveCfg = Release|Any CPU
		{5017F9BE-F887-4A8D-AFB1-008AB1B08EB0}.Release|Any CPU.Build.0 = Release|Any CPU
	EndGlobalSection
	GlobalSection(SolutionProperties) = preSolution
		HideSolutionNode = FALSE
	EndGlobalSection
	GlobalSection(ExtensibilityGlobals) = postSolution
		SolutionGuid = {38589685-7B64-4CAE-AA6A-1B298C5A4726}
	EndGlobalSection
EndGlobal
